
Microsoft Visual Studio Solution File, Format Version 12.00
# Visual Studio 14
VisualStudioVersion = 14.0.25420.1
MinimumVisualStudioVersion = 10.0.40219.1
Project("{FAE04EC0-301F-11D3-BF4B-00C04F79EFBC}") = "Kaos", "Kaos\Kaos.csproj", "{83D61C35-0B8E-4523-B107-B81B3FA06043}"
EndProject
Global
	GlobalSection(SolutionConfigurationPlatforms) = preSolution
		Debug|Any CPU = Debug|Any CPU
		Release|Any CPU = Release|Any CPU
	EndGlobalSection
	GlobalSection(ProjectConfigurationPlatforms) = postSolution
		{83D61C35-0B8E-4523-B107-B81B3FA06043}.Debug|Any CPU.ActiveCfg = Debug|Any CPU
		{83D61C35-0B8E-4523-B107-B81B3FA06043}.Debug|Any CPU.Build.0 = Debug|Any CPU
		{83D61C35-0B8E-4523-B107-B81B3FA06043}.Release|Any CPU.ActiveCfg = Release|Any CPU
		{83D61C35-0B8E-4523-B107-B81B3FA06043}.Release|Any CPU.Build.0 = Release|Any CPU
	EndGlobalSection
	GlobalSection(SolutionProperties) = preSolution
		HideSolutionNode = FALSE
	EndGlobalSection
EndGlobal
